
Microsoft Visual Studio Solution File, Format Version 12.00
# Visual Studio Version 16
VisualStudioVersion = 16.0.31019.35
MinimumVisualStudioVersion = 10.0.40219.1
Project("{9A19103F-16F7-4668-BE54-9A1E7A4F7556}") = "ClassMetotDemo", "ClassMetotDemo\ClassMetotDemo.csproj", "{CF0564BD-717C-4CA7-A1CF-9550D8479473}"
EndProject
Project("{FAE04EC0-301F-11D3-BF4B-00C04F79EFBC}") = "OOP1", "OOP1\OOP1.csproj", "{2971A934-77EE-497F-AE52-25F9FF409A51}"
EndProject
Project("{FAE04EC0-301F-11D3-BF4B-00C04F79EFBC}") = "Koleksiyonlar", "Koleksiyonlar\Koleksiyonlar.csproj", "{256B0D1B-99C4-4C50-9EED-12705D045871}"
EndProject
Project("{FAE04EC0-301F-11D3-BF4B-00C04F79EFBC}") = "GenericsIntro", "GenericsIntro\GenericsIntro.csproj", "{F9D0821C-3F03-4B39-A23A-84E483E2BD45}"
EndProject
Global
	GlobalSection(SolutionConfigurationPlatforms) = preSolution
		Debug|Any CPU = Debug|Any CPU
		Release|Any CPU = Release|Any CPU
	EndGlobalSection
	GlobalSection(ProjectConfigurationPlatforms) = postSolution
		{CF0564BD-717C-4CA7-A1CF-9550D8479473}.Debug|Any CPU.ActiveCfg = Debug|Any CPU
		{CF0564BD-717C-4CA7-A1CF-9550D8479473}.Debug|Any CPU.Build.0 = Debug|Any CPU
		{CF0564BD-717C-4CA7-A1CF-9550D8479473}.Release|Any CPU.ActiveCfg = Release|Any CPU
		{CF0564BD-717C-4CA7-A1CF-9550D8479473}.Release|Any CPU.Build.0 = Release|Any CPU
		{2971A934-77EE-497F-AE52-25F9FF409A51}.Debug|Any CPU.ActiveCfg = Debug|Any CPU
		{2971A934-77EE-497F-AE52-25F9FF409A51}.Debug|Any CPU.Build.0 = Debug|Any CPU
		{2971A934-77EE-497F-AE52-25F9FF409A51}.Release|Any CPU.ActiveCfg = Release|Any CPU
		{2971A934-77EE-497F-AE52-25F9FF409A51}.Release|Any CPU.Build.0 = Release|Any CPU
		{256B0D1B-99C4-4C50-9EED-12705D045871}.Debug|Any CPU.ActiveCfg = Debug|Any CPU
		{256B0D1B-99C4-4C50-9EED-12705D045871}.Debug|Any CPU.Build.0 = Debug|Any CPU
		{256B0D1B-99C4-4C50-9EED-12705D045871}.Release|Any CPU.ActiveCfg = Release|Any CPU
		{256B0D1B-99C4-4C50-9EED-12705D045871}.Release|Any CPU.Build.0 = Release|Any CPU
		{F9D0821C-3F03-4B39-A23A-84E483E2BD45}.Debug|Any CPU.ActiveCfg = Debug|Any CPU
		{F9D0821C-3F03-4B39-A23A-84E483E2BD45}.Debug|Any CPU.Build.0 = Debug|Any CPU
		{F9D0821C-3F03-4B39-A23A-84E483E2BD45}.Release|Any CPU.ActiveCfg = Release|Any CPU
		{F9D0821C-3F03-4B39-A23A-84E483E2BD45}.Release|Any CPU.Build.0 = Release|Any CPU
	EndGlobalSection
	GlobalSection(SolutionProperties) = preSolution
		HideSolutionNode = FALSE
	EndGlobalSection
	GlobalSection(ExtensibilityGlobals) = postSolution
		SolutionGuid = {FBC28273-C5C0-454D-ABEB-4B50B41679EE}
	EndGlobalSection
EndGlobal
